// !$*UTF8*$!
{
	archiveVersion = 1;
	classes = {
	};
	objectVersion = 46;
	objects = {

/* Begin PBXBuildFile section */
		997328A91C26235700C5E7D5 /* AppDelegate.swift in Sources */ = {isa = PBXBuildFile; fileRef = 997328A81C26235700C5E7D5 /* AppDelegate.swift */; };
		997328AE1C26235700C5E7D5 /* Main.storyboard in Resources */ = {isa = PBXBuildFile; fileRef = 997328AC1C26235700C5E7D5 /* Main.storyboard */; };
		997328B01C26235700C5E7D5 /* Assets.xcassets in Resources */ = {isa = PBXBuildFile; fileRef = 997328AF1C26235700C5E7D5 /* Assets.xcassets */; };
		997328B31C26235700C5E7D5 /* LaunchScreen.storyboard in Resources */ = {isa = PBXBuildFile; fileRef = 997328B11C26235700C5E7D5 /* LaunchScreen.storyboard */; };
		997328BD1C2624C100C5E7D5 /* RecipeCollectionViewCell.swift in Sources */ = {isa = PBXBuildFile; fileRef = 997328BC1C2624C100C5E7D5 /* RecipeCollectionViewCell.swift */; };
		997328BF1C2624EC00C5E7D5 /* RecipeCollectionViewController.swift in Sources */ = {isa = PBXBuildFile; fileRef = 997328BE1C2624EC00C5E7D5 /* RecipeCollectionViewController.swift */; };
		997328C11C262CDE00C5E7D5 /* PhotoViewController.swift in Sources */ = {isa = PBXBuildFile; fileRef = 997328C01C262CDE00C5E7D5 /* PhotoViewController.swift */; };
/* End PBXBuildFile section */

/* Begin PBXFileReference section */
		997328A51C26235700C5E7D5 /* CollectionViewDemo.app */ = {isa = PBXFileReference; explicitFileType = wrapper.application; includeInIndex = 0; path = CollectionViewDemo.app; sourceTree = BUILT_PRODUCTS_DIR; };
		997328A81C26235700C5E7D5 /* AppDelegate.swift */ = {isa = PBXFileReference; lastKnownFileType = sourcecode.swift; path = AppDelegate.swift; sourceTree = "<group>"; };
		997328AD1C26235700C5E7D5 /* Base */ = {isa = PBXFileReference; lastKnownFileType = file.storyboard; name = Base; path = Base.lproj/Main.storyboard; sourceTree = "<group>"; };
		997328AF1C26235700C5E7D5 /* Assets.xcassets */ = {isa = PBXFileReference; lastKnownFileType = folder.assetcatalog; path = Assets.xcassets; sourceTree = "<group>"; };
		997328B21C26235700C5E7D5 /* Base */ = {isa = PBXFileReference; lastKnownFileType = file.storyboard; name = Base; path = Base.lproj/LaunchScreen.storyboard; sourceTree = "<group>"; };
		997328B41C26235700C5E7D5 /* Info.plist */ = {isa = PBXFileReference; lastKnownFileType = text.plist.xml; path = Info.plist; sourceTree = "<group>"; };
		997328BC1C2624C100C5E7D5 /* RecipeCollectionViewCell.swift */ = {isa = PBXFileReference; fileEncoding = 4; lastKnownFileType = sourcecode.swift; path = RecipeCollectionViewCell.swift; sourceTree = "<group>"; };
		997328BE1C2624EC00C5E7D5 /* RecipeCollectionViewController.swift */ = {isa = PBXFileReference; fileEncoding = 4; lastKnownFileType = sourcecode.swift; path = RecipeCollectionViewController.swift; sourceTree = "<group>"; };
		997328C01C262CDE00C5E7D5 /* PhotoViewController.swift */ = {isa = PBXFileReference; fileEncoding = 4; lastKnownFileType = sourcecode.swift; path = PhotoViewController.swift; sourceTree = "<group>"; };
/* End PBXFileReference section */

/* Begin PBXFrameworksBuildPhase section */
		997328A21C26235700C5E7D5 /* Frameworks */ = {
			isa = PBXFrameworksBuildPhase;
			buildActionMask = 2147483647;
			files = (
			);
			runOnlyForDeploymentPostprocessing = 0;
		};
/* End PBXFrameworksBuildPhase section */

/* Begin PBXGroup section */
		9973289C1C26235700C5E7D5 = {
			isa = PBXGroup;
			children = (
				997328A71C26235700C5E7D5 /* CollectionViewDemo */,
				997328A61C26235700C5E7D5 /* Products */,
			);
			sourceTree = "<group>";
		};
		997328A61C26235700C5E7D5 /* Products */ = {
			isa = PBXGroup;
			children = (
				997328A51C26235700C5E7D5 /* CollectionViewDemo.app */,
			);
			name = Products;
			sourceTree = "<group>";
		};
		997328A71C26235700C5E7D5 /* CollectionViewDemo */ = {
			isa = PBXGroup;
			children = (
				997328A81C26235700C5E7D5 /* AppDelegate.swift */,
				997328AC1C26235700C5E7D5 /* Main.storyboard */,
				997328C01C262CDE00C5E7D5 /* PhotoViewController.swift */,
				997328AF1C26235700C5E7D5 /* Assets.xcassets */,
				997328B11C26235700C5E7D5 /* LaunchScreen.storyboard */,
				997328B41C26235700C5E7D5 /* Info.plist */,
				997328BE1C2624EC00C5E7D5 /* RecipeCollectionViewController.swift */,
				997328BC1C2624C100C5E7D5 /* RecipeCollectionViewCell.swift */,
			);
			path = CollectionViewDemo;
			sourceTree = "<group>";
		};
/* End PBXGroup section */

/* Begin PBXNativeTarget section */
		997328A41C26235700C5E7D5 /* CollectionViewDemo */ = {
			isa = PBXNativeTarget;
			buildConfigurationList = 997328B71C26235700C5E7D5 /* Build configuration list for PBXNativeTarget "CollectionViewDemo" */;
			buildPhases = (
				997328A11C26235700C5E7D5 /* Sources */,
				997328A21C26235700C5E7D5 /* Frameworks */,
				997328A31C26235700C5E7D5 /* Resources */,
			);
			buildRules = (
			);
			dependencies = (
			);
			name = CollectionViewDemo;
			productName = CollectionViewDemo;
			productReference = 997328A51C26235700C5E7D5 /* CollectionViewDemo.app */;
			productType = "com.apple.product-type.application";
		};
/* End PBXNativeTarget section */

/* Begin PBXProject section */
		9973289D1C26235700C5E7D5 /* Project object */ = {
			isa = PBXProject;
			attributes = {
				LastSwiftUpdateCheck = 0720;
				LastUpgradeCheck = 0720;
				ORGANIZATIONNAME = "Digital Javelina, LLC";
				TargetAttributes = {
					997328A41C26235700C5E7D5 = {
						CreatedOnToolsVersion = 7.2;
					};
				};
			};
			buildConfigurationList = 997328A01C26235700C5E7D5 /* Build configuration list for PBXProject "CollectionViewDemo" */;
			compatibilityVersion = "Xcode 3.2";
			developmentRegion = English;
			hasScannedForEncodings = 0;
			knownRegions = (
				en,
				Base,
			);
			mainGroup = 9973289C1C26235700C5E7D5;
			productRefGroup = 997328A61C26235700C5E7D5 /* Products */;
			projectDirPath = "";
			projectRoot = "";
			targets = (
				997328A41C26235700C5E7D5 /* CollectionViewDemo */,
			);
		};
/* End PBXProject section */

/* Begin PBXResourcesBuildPhase section */
		997328A31C26235700C5E7D5 /* Resources */ = {
			isa = PBXResourcesBuildPhase;
			buildActionMask = 2147483647;
			files = (
				997328B31C26235700C5E7D5 /* LaunchScreen.storyboard in Resources */,
				997328B01C26235700C5E7D5 /* Assets.xcassets in Resources */,
				997328AE1C26235700C5E7D5 /* Main.storyboard in Resources */,
			);
			runOnlyForDeploymentPostprocessing = 0;
		};
/* End PBXResourcesBuildPhase section */

/* Begin PBXSourcesBuildPhase section */
		997328A11C26235700C5E7D5 /* Sources */ = {
			isa = PBXSourcesBuildPhase;
			buildActionMask = 2147483647;
			files = (
				997328BD1C2624C100C5E7D5 /* RecipeCollectionViewCell.swift in Sources */,
				997328C11C262CDE00C5E7D5 /* PhotoViewController.swift in Sources */,
				997328A91C26235700C5E7D5 /* AppDelegate.swift in Sources */,
				997328BF1C2624EC00C5E7D5 /* RecipeCollectionViewController.swift in Sources */,
			);
			runOnlyForDeploymentPostprocessing = 0;
		};
/* End PBXSourcesBuildPhase section */

/* Begin PBXVariantGroup section */
		997328AC1C26235700C5E7D5 /* Main.storyboard */ = {
			isa = PBXVariantGroup;
			children = (
				997328AD1C26235700C5E7D5 /* Base */,
			);
			name = Main.storyboard;
			sourceTree = "<group>";
		};
		997328B11C26235700C5E7D5 /* LaunchScreen.storyboard */ = {
			isa = PBXVariantGroup;
			children = (
				997328B21C26235700C5E7D5 /* Base */,
			);
			name = LaunchScreen.storyboard;
			sourceTree = "<group>";
		};
/* End PBXVariantGroup section */

/* Begin XCBuildConfiguration section */
		997328B51C26235700C5E7D5 /* Debug */ = {
			isa = XCBuildConfiguration;
			buildSettings = {
				ALWAYS_SEARCH_USER_PATHS = NO;
				CLANG_CXX_LANGUAGE_STANDARD = "gnu++0x";
				CLANG_CXX_LIBRARY = "libc++";
				CLANG_ENABLE_MODULES = YES;
				CLANG_ENABLE_OBJC_ARC = YES;
				CLANG_WARN_BOOL_CONVERSION = YES;
				CLANG_WARN_CONSTANT_CONVERSION = YES;
				CLANG_WARN_DIRECT_OBJC_ISA_USAGE = YES_ERROR;
				CLANG_WARN_EMPTY_BODY = YES;
				CLANG_WARN_ENUM_CONVERSION = YES;
				CLANG_WARN_INT_CONVERSION = YES;
				CLANG_WARN_OBJC_ROOT_CLASS = YES_ERROR;
				CLANG_WARN_UNREACHABLE_CODE = YES;
				CLANG_WARN__DUPLICATE_METHOD_MATCH = YES;
				"CODE_SIGN_IDENTITY[sdk=iphoneos*]" = "iPhone Developer";
				COPY_PHASE_STRIP = NO;
				DEBUG_INFORMATION_FORMAT = dwarf;
				ENABLE_STRICT_OBJC_MSGSEND = YES;
				ENABLE_TESTABILITY = YES;
				GCC_C_LANGUAGE_STANDARD = gnu99;
				GCC_DYNAMIC_NO_PIC = NO;
				GCC_NO_COMMON_BLOCKS = YES;
				GCC_OPTIMIZATION_LEVEL = 0;
				GCC_PREPROCESSOR_DEFINITIONS = (
					"DEBUG=1",
					"$(inherited)",
				);
				GCC_WARN_64_TO_32_BIT_CONVERSION = YES;
				GCC_WARN_ABOUT_RETURN_TYPE = YES_ERROR;
				GCC_WARN_UNDECLARED_SELECTOR = YES;
				GCC_WARN_UNINITIALIZED_AUTOS = YES_AGGRESSIVE;
				GCC_WARN_UNUSED_FUNCTION = YES;
				GCC_WARN_UNUSED_VARIABLE = YES;
				IPHONEOS_DEPLOYMENT_TARGET = 9.2;
				MTL_ENABLE_DEBUG_INFO = YES;
				ONLY_ACTIVE_ARCH = YES;
				SDKROOT = iphoneos;
				SWIFT_OPTIMIZATION_LEVEL = "-Onone";
			};
			name = Debug;
		};
		997328B61C26235700C5E7D5 /* Release */ = {
			isa = XCBuildConfiguration;
			buildSettings = {
				ALWAYS_SEARCH_USER_PATHS = NO;
				CLANG_CXX_LANGUAGE_STANDARD = "gnu++0x";
				CLANG_CXX_LIBRARY = "libc++";
				CLANG_ENABLE_MODULES = YES;
				CLANG_ENABLE_OBJC_ARC = YES;
				CLANG_WARN_BOOL_CONVERSION = YES;
				CLANG_WARN_CONSTANT_CONVERSION = YES;
				CLANG_WARN_DIRECT_OBJC_ISA_USAGE = YES_ERROR;
				CLANG_WARN_EMPTY_BODY = YES;
				CLANG_WARN_ENUM_CONVERSION = YES;
				CLANG_WARN_INT_CONVERSION = YES;
				CLANG_WARN_OBJC_ROOT_CLASS = YES_ERROR;
				CLANG_WARN_UNREACHABLE_CODE = YES;
				CLANG_WARN__DUPLICATE_METHOD_MATCH = YES;
				"CODE_SIGN_IDENTITY[sdk=iphoneos*]" = "iPhone Developer";
				COPY_PHASE_STRIP = NO;
				DEBUG_INFORMATION_FORMAT = "dwarf-with-dsym";
				ENABLE_NS_ASSERTIONS = NO;
				ENABLE_STRICT_OBJC_MSGSEND = YES;
				GCC_C_LANGUAGE_STANDARD = gnu99;
				GCC_NO_COMMON_BLOCKS = YES;
				GCC_WARN_64_TO_32_BIT_CONVERSION = YES;
				GCC_WARN_ABOUT_RETURN_TYPE = YES_ERROR;
				GCC_WARN_UNDECLARED_SELECTOR = YES;
				GCC_WARN_UNINITIALIZED_AUTOS = YES_AGGRESSIVE;
				GCC_WARN_UNUSED_FUNCTION = YES;
				GCC_WARN_UNUSED_VARIABLE = YES;
				IPHONEOS_DEPLOYMENT_TARGET = 9.2;
				MTL_ENABLE_DEBUG_INFO = NO;
				SDKROOT = iphoneos;
				VALIDATE_PRODUCT = YES;
			};
			name = Release;
		};
		997328B81C26235700C5E7D5 /* Debug */ = {
			isa = XCBuildConfiguration;
			buildSettings = {
				ASSETCATALOG_COMPILER_APPICON_NAME = AppIcon;
				INFOPLIST_FILE = CollectionViewDemo/Info.plist;
				LD_RUNPATH_SEARCH_PATHS = "$(inherited) @executable_path/Frameworks";
				PRODUCT_BUNDLE_IDENTIFIER = com.digitaljavelina.CollectionViewDemo;
				PRODUCT_NAME = "$(TARGET_NAME)";
			};
			name = Debug;
		};
		997328B91C26235700C5E7D5 /* Release */ = {
			isa = XCBuildConfiguration;
			buildSettings = {
				ASSETCATALOG_COMPILER_APPICON_NAME = AppIcon;
				INFOPLIST_FILE = CollectionViewDemo/Info.plist;
				LD_RUNPATH_SEARCH_PATHS = "$(inherited) @executable_path/Frameworks";
				PRODUCT_BUNDLE_IDENTIFIER = com.digitaljavelina.CollectionViewDemo;
				PRODUCT_NAME = "$(TARGET_NAME)";
			};
			name = Release;
		};
/* End XCBuildConfiguration section */

/* Begin XCConfigurationList section */
		997328A01C26235700C5E7D5 /* Build configuration list for PBXProject "CollectionViewDemo" */ = {
			isa = XCConfigurationList;
			buildConfigurations = (
				997328B51C26235700C5E7D5 /* Debug */,
				997328B61C26235700C5E7D5 /* Release */,
			);
			defaultConfigurationIsVisible = 0;
			defaultConfigurationName = Release;
		};
		997328B71C26235700C5E7D5 /* Build configuration list for PBXNativeTarget "CollectionViewDemo" */ = {
			isa = XCConfigurationList;
			buildConfigurations = (
				997328B81C26235700C5E7D5 /* Debug */,
				997328B91C26235700C5E7D5 /* Release */,
			);
			defaultConfigurationIsVisible = 0;
		};
/* End XCConfigurationList section */
	};
	rootObject = 9973289D1C26235700C5E7D5 /* Project object */;
}
